
Microsoft Visual Studio Solution File, Format Version 12.00
# Visual Studio Version 17
VisualStudioVersion = 17.1.32210.238
MinimumVisualStudioVersion = 10.0.40219.1
Project("{FAE04EC0-301F-11D3-BF4B-00C04F79EFBC}") = "ASPNETLIVE", "ASPNETLIVE.csproj", "{336C2C39-247D-496A-B563-0EC05E137192}"
EndProject
Global
	GlobalSection(SolutionConfigurationPlatforms) = preSolution
		Debug|Any CPU = Debug|Any CPU
		Release|Any CPU = Release|Any CPU
	EndGlobalSection
	GlobalSection(ProjectConfigurationPlatforms) = postSolution
		{336C2C39-247D-496A-B563-0EC05E137192}.Debug|Any CPU.ActiveCfg = Debug|Any CPU
		{336C2C39-247D-496A-B563-0EC05E137192}.Debug|Any CPU.Build.0 = Debug|Any CPU
		{336C2C39-247D-496A-B563-0EC05E137192}.Release|Any CPU.ActiveCfg = Release|Any CPU
		{336C2C39-247D-496A-B563-0EC05E137192}.Release|Any CPU.Build.0 = Release|Any CPU
	EndGlobalSection
	GlobalSection(SolutionProperties) = preSolution
		HideSolutionNode = FALSE
	EndGlobalSection
	GlobalSection(ExtensibilityGlobals) = postSolution
		SolutionGuid = {27EF4EA1-A0C6-4852-9699-829B3B1C5E17}
	EndGlobalSection
EndGlobal
